// !$*UTF8*$!
{
	archiveVersion = 1;
	classes = {
	};
	objectVersion = 52;
	objects = {

/* Begin PBXBuildFile section */
		C626C52A2779BA5C00688FE4 /* NewCityWeatherService.swift in Sources */ = {isa = PBXBuildFile; fileRef = C626C5292779BA5C00688FE4 /* NewCityWeatherService.swift */; };
		C631A2EF275FB13B00B98147 /* Kingfisher in Frameworks */ = {isa = PBXBuildFile; productRef = C631A2EE275FB13B00B98147 /* Kingfisher */; };
		C631A2F1276248FD00B98147 /* WeekWeatherData.swift in Sources */ = {isa = PBXBuildFile; fileRef = C631A2F0276248FC00B98147 /* WeekWeatherData.swift */; };
		C631A2F427624FA800B98147 /* WeekWeatherService.swift in Sources */ = {isa = PBXBuildFile; fileRef = C631A2F327624FA800B98147 /* WeekWeatherService.swift */; };
		C631A2F6276252D900B98147 /* WeekMainScreenViewModel.swift in Sources */ = {isa = PBXBuildFile; fileRef = C631A2F5276252D900B98147 /* WeekMainScreenViewModel.swift */; };
		C631A2F92763869E00B98147 /* WeekViewModel.swift in Sources */ = {isa = PBXBuildFile; fileRef = C631A2F82763869D00B98147 /* WeekViewModel.swift */; };
		C64FC60427562E3E0082AE3A /* WeatherService.swift in Sources */ = {isa = PBXBuildFile; fileRef = C64FC60327562E3E0082AE3A /* WeatherService.swift */; };
		C64FC606275637080082AE3A /* MainScreenViewModel.swift in Sources */ = {isa = PBXBuildFile; fileRef = C64FC605275637080082AE3A /* MainScreenViewModel.swift */; };
		C6529148274BCA870080B18B /* TwentyFourHoursCollectionViewCell.swift in Sources */ = {isa = PBXBuildFile; fileRef = C6529147274BCA870080B18B /* TwentyFourHoursCollectionViewCell.swift */; };
		C652914A274C02750080B18B /* WeekCollectionViewCell.swift in Sources */ = {isa = PBXBuildFile; fileRef = C6529149274C02750080B18B /* WeekCollectionViewCell.swift */; };
		C6662A48276786B800F3663A /* LocationManager.swift in Sources */ = {isa = PBXBuildFile; fileRef = C6662A47276786B800F3663A /* LocationManager.swift */; };
		C6662A4A276895E100F3663A /* NoCityWeatherViewController.swift in Sources */ = {isa = PBXBuildFile; fileRef = C6662A49276895E100F3663A /* NoCityWeatherViewController.swift */; };
		C6662A4D276D300E00F3663A /* LocationViewModel.swift in Sources */ = {isa = PBXBuildFile; fileRef = C6662A4C276D300E00F3663A /* LocationViewModel.swift */; };
		C6662A4F276E0FAB00F3663A /* LocationMainScreenViewModel.swift in Sources */ = {isa = PBXBuildFile; fileRef = C6662A4E276E0FAA00F3663A /* LocationMainScreenViewModel.swift */; };
		C6662A51277113D700F3663A /* LocationGroup.swift in Sources */ = {isa = PBXBuildFile; fileRef = C6662A50277113D600F3663A /* LocationGroup.swift */; };
		C6662A532771218F00F3663A /* LocationData.swift in Sources */ = {isa = PBXBuildFile; fileRef = C6662A522771218F00F3663A /* LocationData.swift */; };
		C66BCC8D273D98C9001F63B3 /* AppDelegate.swift in Sources */ = {isa = PBXBuildFile; fileRef = C66BCC8C273D98C9001F63B3 /* AppDelegate.swift */; };
		C66BCC8F273D98C9001F63B3 /* SceneDelegate.swift in Sources */ = {isa = PBXBuildFile; fileRef = C66BCC8E273D98C9001F63B3 /* SceneDelegate.swift */; };
		C66BCC91273D98C9001F63B3 /* MainScrenenViewController.swift in Sources */ = {isa = PBXBuildFile; fileRef = C66BCC90273D98C9001F63B3 /* MainScrenenViewController.swift */; };
		C66BCC97273D98C9001F63B3 /* Weather_tracker.xcdatamodeld in Sources */ = {isa = PBXBuildFile; fileRef = C66BCC95273D98C9001F63B3 /* Weather_tracker.xcdatamodeld */; };
		C66BCC99273D98D1001F63B3 /* Assets.xcassets in Resources */ = {isa = PBXBuildFile; fileRef = C66BCC98273D98D1001F63B3 /* Assets.xcassets */; };
		C66BCCA7273D98D2001F63B3 /* Weather_trackerTests.swift in Sources */ = {isa = PBXBuildFile; fileRef = C66BCCA6273D98D2001F63B3 /* Weather_trackerTests.swift */; };
		C66BCCB2273D98D2001F63B3 /* Weather_trackerUITests.swift in Sources */ = {isa = PBXBuildFile; fileRef = C66BCCB1273D98D2001F63B3 /* Weather_trackerUITests.swift */; };
		C66BCCC0273D9AF9001F63B3 /* WelcomeViewController.swift in Sources */ = {isa = PBXBuildFile; fileRef = C66BCCBF273D9AF9001F63B3 /* WelcomeViewController.swift */; };
		C67834AF273EE7210036378C /* UserDefaults.swift in Sources */ = {isa = PBXBuildFile; fileRef = C67834AE273EE7210036378C /* UserDefaults.swift */; };
		C67834B2273F06CC0036378C /* DayWeatherViewModel.swift in Sources */ = {isa = PBXBuildFile; fileRef = C67834B1273F06CC0036378C /* DayWeatherViewModel.swift */; };
		C67834B5273F08C40036378C /* WeatherData.swift in Sources */ = {isa = PBXBuildFile; fileRef = C67834B4273F08C40036378C /* WeatherData.swift */; };
		C67834B927451D050036378C /* DayWeatherCell.swift in Sources */ = {isa = PBXBuildFile; fileRef = C67834B827451D050036378C /* DayWeatherCell.swift */; };
		C67834BC27451E0D0036378C /* DayCityWeatherViewController.swift in Sources */ = {isa = PBXBuildFile; fileRef = C67834BB27451E0D0036378C /* DayCityWeatherViewController.swift */; };
		C67BA0892757A48C00CBA2FA /* TwentyFourHoursWeatherService.swift in Sources */ = {isa = PBXBuildFile; fileRef = C67BA0882757A48C00CBA2FA /* TwentyFourHoursWeatherService.swift */; };
		C67BA08B27590EB800CBA2FA /* TwentyFourHoursWeatherData.swift in Sources */ = {isa = PBXBuildFile; fileRef = C67BA08A27590EB800CBA2FA /* TwentyFourHoursWeatherData.swift */; };
		C67BA08E275911CB00CBA2FA /* TwentyFourHoursMainScreenViewModel.swift in Sources */ = {isa = PBXBuildFile; fileRef = C67BA08D275911CB00CBA2FA /* TwentyFourHoursMainScreenViewModel.swift */; };
		C67BA0902759131500CBA2FA /* TwentyFourHoursViewModel.swift in Sources */ = {isa = PBXBuildFile; fileRef = C67BA08F2759131500CBA2FA /* TwentyFourHoursViewModel.swift */; };
/* End PBXBuildFile section */

/* Begin PBXContainerItemProxy section */
		C66BCCA3273D98D2001F63B3 /* PBXContainerItemProxy */ = {
			isa = PBXContainerItemProxy;
			containerPortal = C66BCC81273D98C9001F63B3 /* Project object */;
			proxyType = 1;
			remoteGlobalIDString = C66BCC88273D98C9001F63B3;
			remoteInfo = "Weather tracker";
		};
		C66BCCAE273D98D2001F63B3 /* PBXContainerItemProxy */ = {
			isa = PBXContainerItemProxy;
			containerPortal = C66BCC81273D98C9001F63B3 /* Project object */;
			proxyType = 1;
			remoteGlobalIDString = C66BCC88273D98C9001F63B3;
			remoteInfo = "Weather tracker";
		};
/* End PBXContainerItemProxy section */

/* Begin PBXFileReference section */
		C626C5292779BA5C00688FE4 /* NewCityWeatherService.swift */ = {isa = PBXFileReference; lastKnownFileType = sourcecode.swift; path = NewCityWeatherService.swift; sourceTree = "<group>"; };
		C631A2F0276248FC00B98147 /* WeekWeatherData.swift */ = {isa = PBXFileReference; lastKnownFileType = sourcecode.swift; path = WeekWeatherData.swift; sourceTree = "<group>"; };
		C631A2F327624FA800B98147 /* WeekWeatherService.swift */ = {isa = PBXFileReference; lastKnownFileType = sourcecode.swift; path = WeekWeatherService.swift; sourceTree = "<group>"; };
		C631A2F5276252D900B98147 /* WeekMainScreenViewModel.swift */ = {isa = PBXFileReference; lastKnownFileType = sourcecode.swift; path = WeekMainScreenViewModel.swift; sourceTree = "<group>"; };
		C631A2F82763869D00B98147 /* WeekViewModel.swift */ = {isa = PBXFileReference; lastKnownFileType = sourcecode.swift; path = WeekViewModel.swift; sourceTree = "<group>"; };
		C64FC60327562E3E0082AE3A /* WeatherService.swift */ = {isa = PBXFileReference; lastKnownFileType = sourcecode.swift; path = WeatherService.swift; sourceTree = "<group>"; };
		C64FC605275637080082AE3A /* MainScreenViewModel.swift */ = {isa = PBXFileReference; lastKnownFileType = sourcecode.swift; path = MainScreenViewModel.swift; sourceTree = "<group>"; };
		C6529147274BCA870080B18B /* TwentyFourHoursCollectionViewCell.swift */ = {isa = PBXFileReference; lastKnownFileType = sourcecode.swift; path = TwentyFourHoursCollectionViewCell.swift; sourceTree = "<group>"; };
		C6529149274C02750080B18B /* WeekCollectionViewCell.swift */ = {isa = PBXFileReference; lastKnownFileType = sourcecode.swift; path = WeekCollectionViewCell.swift; sourceTree = "<group>"; };
		C6662A47276786B800F3663A /* LocationManager.swift */ = {isa = PBXFileReference; lastKnownFileType = sourcecode.swift; path = LocationManager.swift; sourceTree = "<group>"; };
		C6662A49276895E100F3663A /* NoCityWeatherViewController.swift */ = {isa = PBXFileReference; lastKnownFileType = sourcecode.swift; path = NoCityWeatherViewController.swift; sourceTree = "<group>"; };
		C6662A4C276D300E00F3663A /* LocationViewModel.swift */ = {isa = PBXFileReference; lastKnownFileType = sourcecode.swift; path = LocationViewModel.swift; sourceTree = "<group>"; };
		C6662A4E276E0FAA00F3663A /* LocationMainScreenViewModel.swift */ = {isa = PBXFileReference; lastKnownFileType = sourcecode.swift; path = LocationMainScreenViewModel.swift; sourceTree = "<group>"; };
		C6662A50277113D600F3663A /* LocationGroup.swift */ = {isa = PBXFileReference; lastKnownFileType = sourcecode.swift; path = LocationGroup.swift; sourceTree = "<group>"; };
		C6662A522771218F00F3663A /* LocationData.swift */ = {isa = PBXFileReference; lastKnownFileType = sourcecode.swift; path = LocationData.swift; sourceTree = "<group>"; };
		C66BCC89273D98C9001F63B3 /* Weather tracker.app */ = {isa = PBXFileReference; explicitFileType = wrapper.application; includeInIndex = 0; path = "Weather tracker.app"; sourceTree = BUILT_PRODUCTS_DIR; };
		C66BCC8C273D98C9001F63B3 /* AppDelegate.swift */ = {isa = PBXFileReference; lastKnownFileType = sourcecode.swift; path = AppDelegate.swift; sourceTree = "<group>"; };
		C66BCC8E273D98C9001F63B3 /* SceneDelegate.swift */ = {isa = PBXFileReference; lastKnownFileType = sourcecode.swift; path = SceneDelegate.swift; sourceTree = "<group>"; };
		C66BCC90273D98C9001F63B3 /* MainScrenenViewController.swift */ = {isa = PBXFileReference; lastKnownFileType = sourcecode.swift; path = MainScrenenViewController.swift; sourceTree = "<group>"; };
		C66BCC96273D98C9001F63B3 /* Weather_tracker.xcdatamodel */ = {isa = PBXFileReference; lastKnownFileType = wrapper.xcdatamodel; path = Weather_tracker.xcdatamodel; sourceTree = "<group>"; };
		C66BCC98273D98D1001F63B3 /* Assets.xcassets */ = {isa = PBXFileReference; lastKnownFileType = folder.assetcatalog; path = Assets.xcassets; sourceTree = "<group>"; };
		C66BCC9D273D98D1001F63B3 /* Info.plist */ = {isa = PBXFileReference; lastKnownFileType = text.plist.xml; path = Info.plist; sourceTree = "<group>"; };
		C66BCCA2273D98D2001F63B3 /* Weather trackerTests.xctest */ = {isa = PBXFileReference; explicitFileType = wrapper.cfbundle; includeInIndex = 0; path = "Weather trackerTests.xctest"; sourceTree = BUILT_PRODUCTS_DIR; };
		C66BCCA6273D98D2001F63B3 /* Weather_trackerTests.swift */ = {isa = PBXFileReference; lastKnownFileType = sourcecode.swift; path = Weather_trackerTests.swift; sourceTree = "<group>"; };
		C66BCCA8273D98D2001F63B3 /* Info.plist */ = {isa = PBXFileReference; lastKnownFileType = text.plist.xml; path = Info.plist; sourceTree = "<group>"; };
		C66BCCAD273D98D2001F63B3 /* Weather trackerUITests.xctest */ = {isa = PBXFileReference; explicitFileType = wrapper.cfbundle; includeInIndex = 0; path = "Weather trackerUITests.xctest"; sourceTree = BUILT_PRODUCTS_DIR; };
		C66BCCB1273D98D2001F63B3 /* Weather_trackerUITests.swift */ = {isa = PBXFileReference; lastKnownFileType = sourcecode.swift; path = Weather_trackerUITests.swift; sourceTree = "<group>"; };
		C66BCCB3273D98D2001F63B3 /* Info.plist */ = {isa = PBXFileReference; lastKnownFileType = text.plist.xml; path = Info.plist; sourceTree = "<group>"; };
		C66BCCBF273D9AF9001F63B3 /* WelcomeViewController.swift */ = {isa = PBXFileReference; lastKnownFileType = sourcecode.swift; path = WelcomeViewController.swift; sourceTree = "<group>"; };
		C67834AE273EE7210036378C /* UserDefaults.swift */ = {isa = PBXFileReference; lastKnownFileType = sourcecode.swift; path = UserDefaults.swift; sourceTree = "<group>"; };
		C67834B1273F06CC0036378C /* DayWeatherViewModel.swift */ = {isa = PBXFileReference; lastKnownFileType = sourcecode.swift; path = DayWeatherViewModel.swift; sourceTree = "<group>"; };
		C67834B4273F08C40036378C /* WeatherData.swift */ = {isa = PBXFileReference; lastKnownFileType = sourcecode.swift; path = WeatherData.swift; sourceTree = "<group>"; };
		C67834B827451D050036378C /* DayWeatherCell.swift */ = {isa = PBXFileReference; lastKnownFileType = sourcecode.swift; path = DayWeatherCell.swift; sourceTree = "<group>"; };
		C67834BB27451E0D0036378C /* DayCityWeatherViewController.swift */ = {isa = PBXFileReference; lastKnownFileType = sourcecode.swift; path = DayCityWeatherViewController.swift; sourceTree = "<group>"; };
		C67BA0882757A48C00CBA2FA /* TwentyFourHoursWeatherService.swift */ = {isa = PBXFileReference; lastKnownFileType = sourcecode.swift; path = TwentyFourHoursWeatherService.swift; sourceTree = "<group>"; };
		C67BA08A27590EB800CBA2FA /* TwentyFourHoursWeatherData.swift */ = {isa = PBXFileReference; lastKnownFileType = sourcecode.swift; path = TwentyFourHoursWeatherData.swift; sourceTree = "<group>"; };
		C67BA08D275911CB00CBA2FA /* TwentyFourHoursMainScreenViewModel.swift */ = {isa = PBXFileReference; lastKnownFileType = sourcecode.swift; path = TwentyFourHoursMainScreenViewModel.swift; sourceTree = "<group>"; };
		C67BA08F2759131500CBA2FA /* TwentyFourHoursViewModel.swift */ = {isa = PBXFileReference; lastKnownFileType = sourcecode.swift; path = TwentyFourHoursViewModel.swift; sourceTree = "<group>"; };
/* End PBXFileReference section */

/* Begin PBXFrameworksBuildPhase section */
		C66BCC86273D98C9001F63B3 /* Frameworks */ = {
			isa = PBXFrameworksBuildPhase;
			buildActionMask = 2147483647;
			files = (
				C631A2EF275FB13B00B98147 /* Kingfisher in Frameworks */,
			);
			runOnlyForDeploymentPostprocessing = 0;
		};
		C66BCC9F273D98D2001F63B3 /* Frameworks */ = {
			isa = PBXFrameworksBuildPhase;
			buildActionMask = 2147483647;
			files = (
			);
			runOnlyForDeploymentPostprocessing = 0;
		};
		C66BCCAA273D98D2001F63B3 /* Frameworks */ = {
			isa = PBXFrameworksBuildPhase;
			buildActionMask = 2147483647;
			files = (
			);
			runOnlyForDeploymentPostprocessing = 0;
		};
/* End PBXFrameworksBuildPhase section */

/* Begin PBXGroup section */
		C626C52B2779BA6500688FE4 /* NewCityWeatherModel */ = {
			isa = PBXGroup;
			children = (
				C626C5292779BA5C00688FE4 /* NewCityWeatherService.swift */,
			);
			path = NewCityWeatherModel;
			sourceTree = "<group>";
		};
		C631A2F227624F2300B98147 /* WeekWeatherModel */ = {
			isa = PBXGroup;
			children = (
				C631A2F0276248FC00B98147 /* WeekWeatherData.swift */,
				C631A2F327624FA800B98147 /* WeekWeatherService.swift */,
			);
			path = WeekWeatherModel;
			sourceTree = "<group>";
		};
		C631A2F7276253EE00B98147 /* WeekWeatherViewModel */ = {
			isa = PBXGroup;
			children = (
				C631A2F82763869D00B98147 /* WeekViewModel.swift */,
				C631A2F5276252D900B98147 /* WeekMainScreenViewModel.swift */,
			);
			path = WeekWeatherViewModel;
			sourceTree = "<group>";
		};
		C6662A4B276A06C800F3663A /* LocationModel */ = {
			isa = PBXGroup;
			children = (
				C6662A47276786B800F3663A /* LocationManager.swift */,
				C6662A50277113D600F3663A /* LocationGroup.swift */,
				C6662A522771218F00F3663A /* LocationData.swift */,
			);
			path = LocationModel;
			sourceTree = "<group>";
		};
		C6662A542776110600F3663A /* LocationViewModel */ = {
			isa = PBXGroup;
			children = (
				C6662A4C276D300E00F3663A /* LocationViewModel.swift */,
				C6662A4E276E0FAA00F3663A /* LocationMainScreenViewModel.swift */,
			);
			path = LocationViewModel;
			sourceTree = "<group>";
		};
		C66BCC80273D98C9001F63B3 = {
			isa = PBXGroup;
			children = (
				C66BCC8B273D98C9001F63B3 /* Weather tracker */,
				C66BCCA5273D98D2001F63B3 /* Weather trackerTests */,
				C66BCCB0273D98D2001F63B3 /* Weather trackerUITests */,
				C66BCC8A273D98C9001F63B3 /* Products */,
			);
			sourceTree = "<group>";
		};
		C66BCC8A273D98C9001F63B3 /* Products */ = {
			isa = PBXGroup;
			children = (
				C66BCC89273D98C9001F63B3 /* Weather tracker.app */,
				C66BCCA2273D98D2001F63B3 /* Weather trackerTests.xctest */,
				C66BCCAD273D98D2001F63B3 /* Weather trackerUITests.xctest */,
			);
			name = Products;
			sourceTree = "<group>";
		};
		C66BCC8B273D98C9001F63B3 /* Weather tracker */ = {
			isa = PBXGroup;
			children = (
				C66BCC8C273D98C9001F63B3 /* AppDelegate.swift */,
				C66BCC8E273D98C9001F63B3 /* SceneDelegate.swift */,
				C66BCC98273D98D1001F63B3 /* Assets.xcassets */,
				C66BCC9D273D98D1001F63B3 /* Info.plist */,
				C66BCC95273D98C9001F63B3 /* Weather_tracker.xcdatamodeld */,
				C66BCCC1273DA826001F63B3 /* View */,
				C67834B0273EE72B0036378C /* Model */,
				C67834B3273F06D30036378C /* ViewModel */,
			);
			path = "Weather tracker";
			sourceTree = "<group>";
		};
		C66BCCA5273D98D2001F63B3 /* Weather trackerTests */ = {
			isa = PBXGroup;
			children = (
				C66BCCA6273D98D2001F63B3 /* Weather_trackerTests.swift */,
				C66BCCA8273D98D2001F63B3 /* Info.plist */,
			);
			path = "Weather trackerTests";
			sourceTree = "<group>";
		};
		C66BCCB0273D98D2001F63B3 /* Weather trackerUITests */ = {
			isa = PBXGroup;
			children = (
				C66BCCB1273D98D2001F63B3 /* Weather_trackerUITests.swift */,
				C66BCCB3273D98D2001F63B3 /* Info.plist */,
			);
			path = "Weather trackerUITests";
			sourceTree = "<group>";
		};
		C66BCCC1273DA826001F63B3 /* View */ = {
			isa = PBXGroup;
			children = (
				C66BCC90273D98C9001F63B3 /* MainScrenenViewController.swift */,
				C66BCCBF273D9AF9001F63B3 /* WelcomeViewController.swift */,
				C67834BB27451E0D0036378C /* DayCityWeatherViewController.swift */,
				C6662A49276895E100F3663A /* NoCityWeatherViewController.swift */,
				C67834BA27451D0C0036378C /* Cell */,
			);
			path = View;
			sourceTree = "<group>";
		};
		C67834B0273EE72B0036378C /* Model */ = {
			isa = PBXGroup;
			children = (
				C67BA0862757A40600CBA2FA /* NowWeatherModel */,
				C67BA0872757A42300CBA2FA /* TwentyFourHoursWeatherModel */,
				C631A2F227624F2300B98147 /* WeekWeatherModel */,
				C6662A4B276A06C800F3663A /* LocationModel */,
				C626C52B2779BA6500688FE4 /* NewCityWeatherModel */,
			);
			path = Model;
			sourceTree = "<group>";
		};
		C67834B3273F06D30036378C /* ViewModel */ = {
			isa = PBXGroup;
			children = (
				C67834AE273EE7210036378C /* UserDefaults.swift */,
				C67BA08C2759118B00CBA2FA /* NowWeatherViewModel */,
				C67BA0912759132500CBA2FA /* TwentyFourHoursViewModel */,
				C631A2F7276253EE00B98147 /* WeekWeatherViewModel */,
				C6662A542776110600F3663A /* LocationViewModel */,
			);
			path = ViewModel;
			sourceTree = "<group>";
		};
		C67834BA27451D0C0036378C /* Cell */ = {
			isa = PBXGroup;
			children = (
				C67834B827451D050036378C /* DayWeatherCell.swift */,
				C6529147274BCA870080B18B /* TwentyFourHoursCollectionViewCell.swift */,
				C6529149274C02750080B18B /* WeekCollectionViewCell.swift */,
			);
			path = Cell;
			sourceTree = "<group>";
		};
		C67BA0862757A40600CBA2FA /* NowWeatherModel */ = {
			isa = PBXGroup;
			children = (
				C67834B4273F08C40036378C /* WeatherData.swift */,
				C64FC60327562E3E0082AE3A /* WeatherService.swift */,
			);
			path = NowWeatherModel;
			sourceTree = "<group>";
		};
		C67BA0872757A42300CBA2FA /* TwentyFourHoursWeatherModel */ = {
			isa = PBXGroup;
			children = (
				C67BA08A27590EB800CBA2FA /* TwentyFourHoursWeatherData.swift */,
				C67BA0882757A48C00CBA2FA /* TwentyFourHoursWeatherService.swift */,
			);
			path = TwentyFourHoursWeatherModel;
			sourceTree = "<group>";
		};
		C67BA08C2759118B00CBA2FA /* NowWeatherViewModel */ = {
			isa = PBXGroup;
			children = (
				C67834B1273F06CC0036378C /* DayWeatherViewModel.swift */,
				C64FC605275637080082AE3A /* MainScreenViewModel.swift */,
			);
			path = NowWeatherViewModel;
			sourceTree = "<group>";
		};
		C67BA0912759132500CBA2FA /* TwentyFourHoursViewModel */ = {
			isa = PBXGroup;
			children = (
				C67BA08F2759131500CBA2FA /* TwentyFourHoursViewModel.swift */,
				C67BA08D275911CB00CBA2FA /* TwentyFourHoursMainScreenViewModel.swift */,
			);
			path = TwentyFourHoursViewModel;
			sourceTree = "<group>";
		};
/* End PBXGroup section */

/* Begin PBXNativeTarget section */
		C66BCC88273D98C9001F63B3 /* Weather tracker */ = {
			isa = PBXNativeTarget;
			buildConfigurationList = C66BCCB6273D98D2001F63B3 /* Build configuration list for PBXNativeTarget "Weather tracker" */;
			buildPhases = (
				C66BCC85273D98C9001F63B3 /* Sources */,
				C66BCC86273D98C9001F63B3 /* Frameworks */,
				C66BCC87273D98C9001F63B3 /* Resources */,
			);
			buildRules = (
			);
			dependencies = (
			);
			name = "Weather tracker";
			packageProductDependencies = (
				C631A2EE275FB13B00B98147 /* Kingfisher */,
			);
			productName = "Weather tracker";
			productReference = C66BCC89273D98C9001F63B3 /* Weather tracker.app */;
			productType = "com.apple.product-type.application";
		};
		C66BCCA1273D98D2001F63B3 /* Weather trackerTests */ = {
			isa = PBXNativeTarget;
			buildConfigurationList = C66BCCB9273D98D2001F63B3 /* Build configuration list for PBXNativeTarget "Weather trackerTests" */;
			buildPhases = (
				C66BCC9E273D98D2001F63B3 /* Sources */,
				C66BCC9F273D98D2001F63B3 /* Frameworks */,
				C66BCCA0273D98D2001F63B3 /* Resources */,
			);
			buildRules = (
			);
			dependencies = (
				C66BCCA4273D98D2001F63B3 /* PBXTargetDependency */,
			);
			name = "Weather trackerTests";
			productName = "Weather trackerTests";
			productReference = C66BCCA2273D98D2001F63B3 /* Weather trackerTests.xctest */;
			productType = "com.apple.product-type.bundle.unit-test";
		};
		C66BCCAC273D98D2001F63B3 /* Weather trackerUITests */ = {
			isa = PBXNativeTarget;
			buildConfigurationList = C66BCCBC273D98D2001F63B3 /* Build configuration list for PBXNativeTarget "Weather trackerUITests" */;
			buildPhases = (
				C66BCCA9273D98D2001F63B3 /* Sources */,
				C66BCCAA273D98D2001F63B3 /* Frameworks */,
				C66BCCAB273D98D2001F63B3 /* Resources */,
			);
			buildRules = (
			);
			dependencies = (
				C66BCCAF273D98D2001F63B3 /* PBXTargetDependency */,
			);
			name = "Weather trackerUITests";
			productName = "Weather trackerUITests";
			productReference = C66BCCAD273D98D2001F63B3 /* Weather trackerUITests.xctest */;
			productType = "com.apple.product-type.bundle.ui-testing";
		};
/* End PBXNativeTarget section */

/* Begin PBXProject section */
		C66BCC81273D98C9001F63B3 /* Project object */ = {
			isa = PBXProject;
			attributes = {
				LastSwiftUpdateCheck = 1250;
				LastUpgradeCheck = 1250;
				TargetAttributes = {
					C66BCC88273D98C9001F63B3 = {
						CreatedOnToolsVersion = 12.5;
					};
					C66BCCA1273D98D2001F63B3 = {
						CreatedOnToolsVersion = 12.5;
						TestTargetID = C66BCC88273D98C9001F63B3;
					};
					C66BCCAC273D98D2001F63B3 = {
						CreatedOnToolsVersion = 12.5;
						TestTargetID = C66BCC88273D98C9001F63B3;
					};
				};
			};
			buildConfigurationList = C66BCC84273D98C9001F63B3 /* Build configuration list for PBXProject "Weather tracker" */;
			compatibilityVersion = "Xcode 9.3";
			developmentRegion = en;
			hasScannedForEncodings = 0;
			knownRegions = (
				en,
				Base,
			);
			mainGroup = C66BCC80273D98C9001F63B3;
			packageReferences = (
				C631A2ED275FB13B00B98147 /* XCRemoteSwiftPackageReference "Kingfisher" */,
			);
			productRefGroup = C66BCC8A273D98C9001F63B3 /* Products */;
			projectDirPath = "";
			projectRoot = "";
			targets = (
				C66BCC88273D98C9001F63B3 /* Weather tracker */,
				C66BCCA1273D98D2001F63B3 /* Weather trackerTests */,
				C66BCCAC273D98D2001F63B3 /* Weather trackerUITests */,
			);
		};
/* End PBXProject section */

/* Begin PBXResourcesBuildPhase section */
		C66BCC87273D98C9001F63B3 /* Resources */ = {
			isa = PBXResourcesBuildPhase;
			buildActionMask = 2147483647;
			files = (
				C66BCC99273D98D1001F63B3 /* Assets.xcassets in Resources */,
			);
			runOnlyForDeploymentPostprocessing = 0;
		};
		C66BCCA0273D98D2001F63B3 /* Resources */ = {
			isa = PBXResourcesBuildPhase;
			buildActionMask = 2147483647;
			files = (
			);
			runOnlyForDeploymentPostprocessing = 0;
		};
		C66BCCAB273D98D2001F63B3 /* Resources */ = {
			isa = PBXResourcesBuildPhase;
			buildActionMask = 2147483647;
			files = (
			);
			runOnlyForDeploymentPostprocessing = 0;
		};
/* End PBXResourcesBuildPhase section */

/* Begin PBXSourcesBuildPhase section */
		C66BCC85273D98C9001F63B3 /* Sources */ = {
			isa = PBXSourcesBuildPhase;
			buildActionMask = 2147483647;
			files = (
				C67BA0892757A48C00CBA2FA /* TwentyFourHoursWeatherService.swift in Sources */,
				C6529148274BCA870080B18B /* TwentyFourHoursCollectionViewCell.swift in Sources */,
				C626C52A2779BA5C00688FE4 /* NewCityWeatherService.swift in Sources */,
				C66BCC91273D98C9001F63B3 /* MainScrenenViewController.swift in Sources */,
				C6662A4D276D300E00F3663A /* LocationViewModel.swift in Sources */,
				C6662A532771218F00F3663A /* LocationData.swift in Sources */,
				C6662A48276786B800F3663A /* LocationManager.swift in Sources */,
				C66BCCC0273D9AF9001F63B3 /* WelcomeViewController.swift in Sources */,
				C67834AF273EE7210036378C /* UserDefaults.swift in Sources */,
				C67834B2273F06CC0036378C /* DayWeatherViewModel.swift in Sources */,
				C6662A4F276E0FAB00F3663A /* LocationMainScreenViewModel.swift in Sources */,
				C64FC60427562E3E0082AE3A /* WeatherService.swift in Sources */,
				C67BA0902759131500CBA2FA /* TwentyFourHoursViewModel.swift in Sources */,
				C67BA08E275911CB00CBA2FA /* TwentyFourHoursMainScreenViewModel.swift in Sources */,
				C652914A274C02750080B18B /* WeekCollectionViewCell.swift in Sources */,
				C6662A4A276895E100F3663A /* NoCityWeatherViewController.swift in Sources */,
				C631A2F1276248FD00B98147 /* WeekWeatherData.swift in Sources */,
				C67834B5273F08C40036378C /* WeatherData.swift in Sources */,
				C631A2F427624FA800B98147 /* WeekWeatherService.swift in Sources */,
				C66BCC8D273D98C9001F63B3 /* AppDelegate.swift in Sources */,
				C631A2F92763869E00B98147 /* WeekViewModel.swift in Sources */,
				C631A2F6276252D900B98147 /* WeekMainScreenViewModel.swift in Sources */,
				C67BA08B27590EB800CBA2FA /* TwentyFourHoursWeatherData.swift in Sources */,
				C67834BC27451E0D0036378C /* DayCityWeatherViewController.swift in Sources */,
				C6662A51277113D700F3663A /* LocationGroup.swift in Sources */,
				C64FC606275637080082AE3A /* MainScreenViewModel.swift in Sources */,
				C66BCC8F273D98C9001F63B3 /* SceneDelegate.swift in Sources */,
				C67834B927451D050036378C /* DayWeatherCell.swift in Sources */,
				C66BCC97273D98C9001F63B3 /* Weather_tracker.xcdatamodeld in Sources */,
			);
			runOnlyForDeploymentPostprocessing = 0;
		};
		C66BCC9E273D98D2001F63B3 /* Sources */ = {
			isa = PBXSourcesBuildPhase;
			buildActionMask = 2147483647;
			files = (
				C66BCCA7273D98D2001F63B3 /* Weather_trackerTests.swift in Sources */,
			);
			runOnlyForDeploymentPostprocessing = 0;
		};
		C66BCCA9273D98D2001F63B3 /* Sources */ = {
			isa = PBXSourcesBuildPhase;
			buildActionMask = 2147483647;
			files = (
				C66BCCB2273D98D2001F63B3 /* Weather_trackerUITests.swift in Sources */,
			);
			runOnlyForDeploymentPostprocessing = 0;
		};
/* End PBXSourcesBuildPhase section */

/* Begin PBXTargetDependency section */
		C66BCCA4273D98D2001F63B3 /* PBXTargetDependency */ = {
			isa = PBXTargetDependency;
			target = C66BCC88273D98C9001F63B3 /* Weather tracker */;
			targetProxy = C66BCCA3273D98D2001F63B3 /* PBXContainerItemProxy */;
		};
		C66BCCAF273D98D2001F63B3 /* PBXTargetDependency */ = {
			isa = PBXTargetDependency;
			target = C66BCC88273D98C9001F63B3 /* Weather tracker */;
			targetProxy = C66BCCAE273D98D2001F63B3 /* PBXContainerItemProxy */;
		};
/* End PBXTargetDependency section */

/* Begin XCBuildConfiguration section */
		C66BCCB4273D98D2001F63B3 /* Debug */ = {
			isa = XCBuildConfiguration;
			buildSettings = {
				ALWAYS_SEARCH_USER_PATHS = NO;
				CLANG_ANALYZER_NONNULL = YES;
				CLANG_ANALYZER_NUMBER_OBJECT_CONVERSION = YES_AGGRESSIVE;
				CLANG_CXX_LANGUAGE_STANDARD = "gnu++14";
				CLANG_CXX_LIBRARY = "libc++";
				CLANG_ENABLE_MODULES = YES;
				CLANG_ENABLE_OBJC_ARC = YES;
				CLANG_ENABLE_OBJC_WEAK = YES;
				CLANG_WARN_BLOCK_CAPTURE_AUTORELEASING = YES;
				CLANG_WARN_BOOL_CONVERSION = YES;
				CLANG_WARN_COMMA = YES;
				CLANG_WARN_CONSTANT_CONVERSION = YES;
				CLANG_WARN_DEPRECATED_OBJC_IMPLEMENTATIONS = YES;
				CLANG_WARN_DIRECT_OBJC_ISA_USAGE = YES_ERROR;
				CLANG_WARN_DOCUMENTATION_COMMENTS = YES;
				CLANG_WARN_EMPTY_BODY = YES;
				CLANG_WARN_ENUM_CONVERSION = YES;
				CLANG_WARN_INFINITE_RECURSION = YES;
				CLANG_WARN_INT_CONVERSION = YES;
				CLANG_WARN_NON_LITERAL_NULL_CONVERSION = YES;
				CLANG_WARN_OBJC_IMPLICIT_RETAIN_SELF = YES;
				CLANG_WARN_OBJC_LITERAL_CONVERSION = YES;
				CLANG_WARN_OBJC_ROOT_CLASS = YES_ERROR;
				CLANG_WARN_QUOTED_INCLUDE_IN_FRAMEWORK_HEADER = YES;
				CLANG_WARN_RANGE_LOOP_ANALYSIS = YES;
				CLANG_WARN_STRICT_PROTOTYPES = YES;
				CLANG_WARN_SUSPICIOUS_MOVE = YES;
				CLANG_WARN_UNGUARDED_AVAILABILITY = YES_AGGRESSIVE;
				CLANG_WARN_UNREACHABLE_CODE = YES;
				CLANG_WARN__DUPLICATE_METHOD_MATCH = YES;
				COPY_PHASE_STRIP = NO;
				DEBUG_INFORMATION_FORMAT = dwarf;
				ENABLE_STRICT_OBJC_MSGSEND = YES;
				ENABLE_TESTABILITY = YES;
				GCC_C_LANGUAGE_STANDARD = gnu11;
				GCC_DYNAMIC_NO_PIC = NO;
				GCC_NO_COMMON_BLOCKS = YES;
				GCC_OPTIMIZATION_LEVEL = 0;
				GCC_PREPROCESSOR_DEFINITIONS = (
					"DEBUG=1",
					"$(inherited)",
				);
				GCC_WARN_64_TO_32_BIT_CONVERSION = YES;
				GCC_WARN_ABOUT_RETURN_TYPE = YES_ERROR;
				GCC_WARN_UNDECLARED_SELECTOR = YES;
				GCC_WARN_UNINITIALIZED_AUTOS = YES_AGGRESSIVE;
				GCC_WARN_UNUSED_FUNCTION = YES;
				GCC_WARN_UNUSED_VARIABLE = YES;
				IPHONEOS_DEPLOYMENT_TARGET = 14.5;
				MTL_ENABLE_DEBUG_INFO = INCLUDE_SOURCE;
				MTL_FAST_MATH = YES;
				ONLY_ACTIVE_ARCH = YES;
				SDKROOT = iphoneos;
				SWIFT_ACTIVE_COMPILATION_CONDITIONS = DEBUG;
				SWIFT_OPTIMIZATION_LEVEL = "-Onone";
			};
			name = Debug;
		};
		C66BCCB5273D98D2001F63B3 /* Release */ = {
			isa = XCBuildConfiguration;
			buildSettings = {
				ALWAYS_SEARCH_USER_PATHS = NO;
				CLANG_ANALYZER_NONNULL = YES;
				CLANG_ANALYZER_NUMBER_OBJECT_CONVERSION = YES_AGGRESSIVE;
				CLANG_CXX_LANGUAGE_STANDARD = "gnu++14";
				CLANG_CXX_LIBRARY = "libc++";
				CLANG_ENABLE_MODULES = YES;
				CLANG_ENABLE_OBJC_ARC = YES;
				CLANG_ENABLE_OBJC_WEAK = YES;
				CLANG_WARN_BLOCK_CAPTURE_AUTORELEASING = YES;
				CLANG_WARN_BOOL_CONVERSION = YES;
				CLANG_WARN_COMMA = YES;
				CLANG_WARN_CONSTANT_CONVERSION = YES;
				CLANG_WARN_DEPRECATED_OBJC_IMPLEMENTATIONS = YES;
				CLANG_WARN_DIRECT_OBJC_ISA_USAGE = YES_ERROR;
				CLANG_WARN_DOCUMENTATION_COMMENTS = YES;
				CLANG_WARN_EMPTY_BODY = YES;
				CLANG_WARN_ENUM_CONVERSION = YES;
				CLANG_WARN_INFINITE_RECURSION = YES;
				CLANG_WARN_INT_CONVERSION = YES;
				CLANG_WARN_NON_LITERAL_NULL_CONVERSION = YES;
				CLANG_WARN_OBJC_IMPLICIT_RETAIN_SELF = YES;
				CLANG_WARN_OBJC_LITERAL_CONVERSION = YES;
				CLANG_WARN_OBJC_ROOT_CLASS = YES_ERROR;
				CLANG_WARN_QUOTED_INCLUDE_IN_FRAMEWORK_HEADER = YES;
				CLANG_WARN_RANGE_LOOP_ANALYSIS = YES;
				CLANG_WARN_STRICT_PROTOTYPES = YES;
				CLANG_WARN_SUSPICIOUS_MOVE = YES;
				CLANG_WARN_UNGUARDED_AVAILABILITY = YES_AGGRESSIVE;
				CLANG_WARN_UNREACHABLE_CODE = YES;
				CLANG_WARN__DUPLICATE_METHOD_MATCH = YES;
				COPY_PHASE_STRIP = NO;
				DEBUG_INFORMATION_FORMAT = "dwarf-with-dsym";
				ENABLE_NS_ASSERTIONS = NO;
				ENABLE_STRICT_OBJC_MSGSEND = YES;
				GCC_C_LANGUAGE_STANDARD = gnu11;
				GCC_NO_COMMON_BLOCKS = YES;
				GCC_WARN_64_TO_32_BIT_CONVERSION = YES;
				GCC_WARN_ABOUT_RETURN_TYPE = YES_ERROR;
				GCC_WARN_UNDECLARED_SELECTOR = YES;
				GCC_WARN_UNINITIALIZED_AUTOS = YES_AGGRESSIVE;
				GCC_WARN_UNUSED_FUNCTION = YES;
				GCC_WARN_UNUSED_VARIABLE = YES;
				IPHONEOS_DEPLOYMENT_TARGET = 14.5;
				MTL_ENABLE_DEBUG_INFO = NO;
				MTL_FAST_MATH = YES;
				SDKROOT = iphoneos;
				SWIFT_COMPILATION_MODE = wholemodule;
				SWIFT_OPTIMIZATION_LEVEL = "-O";
				VALIDATE_PRODUCT = YES;
			};
			name = Release;
		};
		C66BCCB7273D98D2001F63B3 /* Debug */ = {
			isa = XCBuildConfiguration;
			buildSettings = {
				ASSETCATALOG_COMPILER_APPICON_NAME = AppIcon;
				ASSETCATALOG_COMPILER_GLOBAL_ACCENT_COLOR_NAME = AccentColor;
				CODE_SIGN_STYLE = Automatic;
				DEVELOPMENT_TEAM = 34VCU6GX65;
				INFOPLIST_FILE = "Weather tracker/Info.plist";
				LD_RUNPATH_SEARCH_PATHS = (
					"$(inherited)",
					"@executable_path/Frameworks",
				);
				PRODUCT_BUNDLE_IDENTIFIER = "com.miklKonovalov.Weather-tracker";
				PRODUCT_NAME = "$(TARGET_NAME)";
				SWIFT_VERSION = 5.0;
				TARGETED_DEVICE_FAMILY = "1,2";
			};
			name = Debug;
		};
		C66BCCB8273D98D2001F63B3 /* Release */ = {
			isa = XCBuildConfiguration;
			buildSettings = {
				ASSETCATALOG_COMPILER_APPICON_NAME = AppIcon;
				ASSETCATALOG_COMPILER_GLOBAL_ACCENT_COLOR_NAME = AccentColor;
				CODE_SIGN_STYLE = Automatic;
				DEVELOPMENT_TEAM = 34VCU6GX65;
				INFOPLIST_FILE = "Weather tracker/Info.plist";
				LD_RUNPATH_SEARCH_PATHS = (
					"$(inherited)",
					"@executable_path/Frameworks",
				);
				PRODUCT_BUNDLE_IDENTIFIER = "com.miklKonovalov.Weather-tracker";
				PRODUCT_NAME = "$(TARGET_NAME)";
				SWIFT_VERSION = 5.0;
				TARGETED_DEVICE_FAMILY = "1,2";
			};
			name = Release;
		};
		C66BCCBA273D98D2001F63B3 /* Debug */ = {
			isa = XCBuildConfiguration;
			buildSettings = {
				ALWAYS_EMBED_SWIFT_STANDARD_LIBRARIES = YES;
				BUNDLE_LOADER = "$(TEST_HOST)";
				CODE_SIGN_STYLE = Automatic;
				DEVELOPMENT_TEAM = 34VCU6GX65;
				INFOPLIST_FILE = "Weather trackerTests/Info.plist";
				IPHONEOS_DEPLOYMENT_TARGET = 14.5;
				LD_RUNPATH_SEARCH_PATHS = (
					"$(inherited)",
					"@executable_path/Frameworks",
					"@loader_path/Frameworks",
				);
				PRODUCT_BUNDLE_IDENTIFIER = "com.miklKonovalov.Weather-trackerTests";
				PRODUCT_NAME = "$(TARGET_NAME)";
				SWIFT_VERSION = 5.0;
				TARGETED_DEVICE_FAMILY = "1,2";
				TEST_HOST = "$(BUILT_PRODUCTS_DIR)/Weather tracker.app/Weather tracker";
			};
			name = Debug;
		};
		C66BCCBB273D98D2001F63B3 /* Release */ = {
			isa = XCBuildConfiguration;
			buildSettings = {
				ALWAYS_EMBED_SWIFT_STANDARD_LIBRARIES = YES;
				BUNDLE_LOADER = "$(TEST_HOST)";
				CODE_SIGN_STYLE = Automatic;
				DEVELOPMENT_TEAM = 34VCU6GX65;
				INFOPLIST_FILE = "Weather trackerTests/Info.plist";
				IPHONEOS_DEPLOYMENT_TARGET = 14.5;
				LD_RUNPATH_SEARCH_PATHS = (
					"$(inherited)",
					"@executable_path/Frameworks",
					"@loader_path/Frameworks",
				);
				PRODUCT_BUNDLE_IDENTIFIER = "com.miklKonovalov.Weather-trackerTests";
				PRODUCT_NAME = "$(TARGET_NAME)";
				SWIFT_VERSION = 5.0;
				TARGETED_DEVICE_FAMILY = "1,2";
				TEST_HOST = "$(BUILT_PRODUCTS_DIR)/Weather tracker.app/Weather tracker";
			};
			name = Release;
		};
		C66BCCBD273D98D2001F63B3 /* Debug */ = {
			isa = XCBuildConfiguration;
			buildSettings = {
				ALWAYS_EMBED_SWIFT_STANDARD_LIBRARIES = YES;
				CODE_SIGN_STYLE = Automatic;
				DEVELOPMENT_TEAM = 34VCU6GX65;
				INFOPLIST_FILE = "Weather trackerUITests/Info.plist";
				LD_RUNPATH_SEARCH_PATHS = (
					"$(inherited)",
					"@executable_path/Frameworks",
					"@loader_path/Frameworks",
				);
				PRODUCT_BUNDLE_IDENTIFIER = "com.miklKonovalov.Weather-trackerUITests";
				PRODUCT_NAME = "$(TARGET_NAME)";
				SWIFT_VERSION = 5.0;
				TARGETED_DEVICE_FAMILY = "1,2";
				TEST_TARGET_NAME = "Weather tracker";
			};
			name = Debug;
		};
		C66BCCBE273D98D2001F63B3 /* Release */ = {
			isa = XCBuildConfiguration;
			buildSettings = {
				ALWAYS_EMBED_SWIFT_STANDARD_LIBRARIES = YES;
				CODE_SIGN_STYLE = Automatic;
				DEVELOPMENT_TEAM = 34VCU6GX65;
				INFOPLIST_FILE = "Weather trackerUITests/Info.plist";
				LD_RUNPATH_SEARCH_PATHS = (
					"$(inherited)",
					"@executable_path/Frameworks",
					"@loader_path/Frameworks",
				);
				PRODUCT_BUNDLE_IDENTIFIER = "com.miklKonovalov.Weather-trackerUITests";
				PRODUCT_NAME = "$(TARGET_NAME)";
				SWIFT_VERSION = 5.0;
				TARGETED_DEVICE_FAMILY = "1,2";
				TEST_TARGET_NAME = "Weather tracker";
			};
			name = Release;
		};
/* End XCBuildConfiguration section */

/* Begin XCConfigurationList section */
		C66BCC84273D98C9001F63B3 /* Build configuration list for PBXProject "Weather tracker" */ = {
			isa = XCConfigurationList;
			buildConfigurations = (
				C66BCCB4273D98D2001F63B3 /* Debug */,
				C66BCCB5273D98D2001F63B3 /* Release */,
			);
			defaultConfigurationIsVisible = 0;
			defaultConfigurationName = Release;
		};
		C66BCCB6273D98D2001F63B3 /* Build configuration list for PBXNativeTarget "Weather tracker" */ = {
			isa = XCConfigurationList;
			buildConfigurations = (
				C66BCCB7273D98D2001F63B3 /* Debug */,
				C66BCCB8273D98D2001F63B3 /* Release */,
			);
			defaultConfigurationIsVisible = 0;
			defaultConfigurationName = Release;
		};
		C66BCCB9273D98D2001F63B3 /* Build configuration list for PBXNativeTarget "Weather trackerTests" */ = {
			isa = XCConfigurationList;
			buildConfigurations = (
				C66BCCBA273D98D2001F63B3 /* Debug */,
				C66BCCBB273D98D2001F63B3 /* Release */,
			);
			defaultConfigurationIsVisible = 0;
			defaultConfigurationName = Release;
		};
		C66BCCBC273D98D2001F63B3 /* Build configuration list for PBXNativeTarget "Weather trackerUITests" */ = {
			isa = XCConfigurationList;
			buildConfigurations = (
				C66BCCBD273D98D2001F63B3 /* Debug */,
				C66BCCBE273D98D2001F63B3 /* Release */,
			);
			defaultConfigurationIsVisible = 0;
			defaultConfigurationName = Release;
		};
/* End XCConfigurationList section */

/* Begin XCRemoteSwiftPackageReference section */
		C631A2ED275FB13B00B98147 /* XCRemoteSwiftPackageReference "Kingfisher" */ = {
			isa = XCRemoteSwiftPackageReference;
			repositoryURL = "https://github.com/onevcat/Kingfisher.git";
			requirement = {
				kind = upToNextMajorVersion;
				minimumVersion = 7.1.2;
			};
		};
/* End XCRemoteSwiftPackageReference section */

/* Begin XCSwiftPackageProductDependency section */
		C631A2EE275FB13B00B98147 /* Kingfisher */ = {
			isa = XCSwiftPackageProductDependency;
			package = C631A2ED275FB13B00B98147 /* XCRemoteSwiftPackageReference "Kingfisher" */;
			productName = Kingfisher;
		};
/* End XCSwiftPackageProductDependency section */

/* Begin XCVersionGroup section */
		C66BCC95273D98C9001F63B3 /* Weather_tracker.xcdatamodeld */ = {
			isa = XCVersionGroup;
			children = (
				C66BCC96273D98C9001F63B3 /* Weather_tracker.xcdatamodel */,
			);
			currentVersion = C66BCC96273D98C9001F63B3 /* Weather_tracker.xcdatamodel */;
			path = Weather_tracker.xcdatamodeld;
			sourceTree = "<group>";
			versionGroupType = wrapper.xcdatamodel;
		};
/* End XCVersionGroup section */
	};
	rootObject = C66BCC81273D98C9001F63B3 /* Project object */;
}
